// !$*UTF8*$!
{
	archiveVersion = 1;
	classes = {
	};
	objectVersion = 50;
	objects = {

/* Begin PBXBuildFile section */
		5A1B956823BCD91B0080845D /* CategoryListController.swift in Sources */ = {isa = PBXBuildFile; fileRef = 5A1B956723BCD91B0080845D /* CategoryListController.swift */; };
		5A30A5AF23DC0C3E002B4FC8 /* AnswerCell.swift in Sources */ = {isa = PBXBuildFile; fileRef = 5A30A5AE23DC0C3E002B4FC8 /* AnswerCell.swift */; };
		5A56171223D97DA900A3DE26 /* AskQuestionController.swift in Sources */ = {isa = PBXBuildFile; fileRef = 5A56171123D97DA900A3DE26 /* AskQuestionController.swift */; };
		5A56171423D9B16B00A3DE26 /* HelpViewController.swift in Sources */ = {isa = PBXBuildFile; fileRef = 5A56171323D9B16B00A3DE26 /* HelpViewController.swift */; };
		5A56171623D9B34800A3DE26 /* PostAnswerController.swift in Sources */ = {isa = PBXBuildFile; fileRef = 5A56171523D9B34800A3DE26 /* PostAnswerController.swift */; };
		5A6D091C2393A7920042E535 /* WelcomePage.swift in Sources */ = {isa = PBXBuildFile; fileRef = 5A6D091B2393A7920042E535 /* WelcomePage.swift */; };
		5A80D86C23DC80A200809605 /* UserProfileController.swift in Sources */ = {isa = PBXBuildFile; fileRef = 5A80D86B23DC80A200809605 /* UserProfileController.swift */; };
		5AA0B6C123DBCC6D0008855B /* ButtonThumbs.swift in Sources */ = {isa = PBXBuildFile; fileRef = 5AA0B6C023DBCC6D0008855B /* ButtonThumbs.swift */; };
		5AA0B6C423DBEBF60008855B /* QuestionDetailsController.swift in Sources */ = {isa = PBXBuildFile; fileRef = 5AA0B6C323DBEBF60008855B /* QuestionDetailsController.swift */; };
		5AA0B6C623DBF5050008855B /* QDHeaderView.swift in Sources */ = {isa = PBXBuildFile; fileRef = 5AA0B6C523DBF5050008855B /* QDHeaderView.swift */; };
		5AA0B6C823DBF5A00008855B /* QuestionTVCell.swift in Sources */ = {isa = PBXBuildFile; fileRef = 5AA0B6C723DBF5A00008855B /* QuestionTVCell.swift */; };
		5AA0B6CA23DBFE050008855B /* HistoryQuestionsCell.swift in Sources */ = {isa = PBXBuildFile; fileRef = 5AA0B6C923DBFE050008855B /* HistoryQuestionsCell.swift */; };
		5AA5BEE623A4EDCB00D47EBD /* onboard.xib in Resources */ = {isa = PBXBuildFile; fileRef = 5AA5BEE523A4EDCB00D47EBD /* onboard.xib */; };
		5AA5BEE823A4EDD500D47EBD /* OnboardView.swift in Sources */ = {isa = PBXBuildFile; fileRef = 5AA5BEE723A4EDD500D47EBD /* OnboardView.swift */; };
		5AA5BEEA23A4F8A000D47EBD /* SignUpLoginController.swift in Sources */ = {isa = PBXBuildFile; fileRef = 5AA5BEE923A4F8A000D47EBD /* SignUpLoginController.swift */; };
		5AA5BEEC23A502A800D47EBD /* Extensions.swift in Sources */ = {isa = PBXBuildFile; fileRef = 5AA5BEEB23A502A800D47EBD /* Extensions.swift */; };
		5AA5BEEE23A5034400D47EBD /* Colors.swift in Sources */ = {isa = PBXBuildFile; fileRef = 5AA5BEED23A5034400D47EBD /* Colors.swift */; };
		5AA5BEF023A53DAD00D47EBD /* UserRegisterationController.swift in Sources */ = {isa = PBXBuildFile; fileRef = 5AA5BEEF23A53DAD00D47EBD /* UserRegisterationController.swift */; };
		5AAC56FF2393963600A2D0D2 /* AppDelegate.swift in Sources */ = {isa = PBXBuildFile; fileRef = 5AAC56FE2393963600A2D0D2 /* AppDelegate.swift */; };
		5AAC57012393963600A2D0D2 /* SceneDelegate.swift in Sources */ = {isa = PBXBuildFile; fileRef = 5AAC57002393963600A2D0D2 /* SceneDelegate.swift */; };
		5AAC57062393963600A2D0D2 /* Main.storyboard in Resources */ = {isa = PBXBuildFile; fileRef = 5AAC57042393963600A2D0D2 /* Main.storyboard */; };
		5AAC57082393963700A2D0D2 /* Assets.xcassets in Resources */ = {isa = PBXBuildFile; fileRef = 5AAC57072393963700A2D0D2 /* Assets.xcassets */; };
		5AAC570B2393963700A2D0D2 /* LaunchScreen.storyboard in Resources */ = {isa = PBXBuildFile; fileRef = 5AAC57092393963700A2D0D2 /* LaunchScreen.storyboard */; };
		5AB7470A23DAFD1800E0F7C5 /* HistoryQeustionsController.swift in Sources */ = {isa = PBXBuildFile; fileRef = 5AB7470923DAFD1800E0F7C5 /* HistoryQeustionsController.swift */; };
		5AFB5CE123A605ED00161B03 /* UserLoginController.swift in Sources */ = {isa = PBXBuildFile; fileRef = 5AFB5CE023A605ED00161B03 /* UserLoginController.swift */; };
		5AFB5CE323A609AE00161B03 /* ForgotPasswordController.swift in Sources */ = {isa = PBXBuildFile; fileRef = 5AFB5CE223A609AE00161B03 /* ForgotPasswordController.swift */; };
		5AFB5CE523A6121400161B03 /* PrivacyController.swift in Sources */ = {isa = PBXBuildFile; fileRef = 5AFB5CE423A6121400161B03 /* PrivacyController.swift */; };
		5AFB5CE723A61A0500161B03 /* HomeViewController.swift in Sources */ = {isa = PBXBuildFile; fileRef = 5AFB5CE623A61A0500161B03 /* HomeViewController.swift */; };
		5AFB5CE923A664B900161B03 /* BaseController.swift in Sources */ = {isa = PBXBuildFile; fileRef = 5AFB5CE823A664B900161B03 /* BaseController.swift */; };
/* End PBXBuildFile section */

/* Begin PBXFileReference section */
		5A1B956723BCD91B0080845D /* CategoryListController.swift */ = {isa = PBXFileReference; lastKnownFileType = sourcecode.swift; path = CategoryListController.swift; sourceTree = "<group>"; };
		5A30A5AE23DC0C3E002B4FC8 /* AnswerCell.swift */ = {isa = PBXFileReference; lastKnownFileType = sourcecode.swift; path = AnswerCell.swift; sourceTree = "<group>"; };
		5A56171123D97DA900A3DE26 /* AskQuestionController.swift */ = {isa = PBXFileReference; lastKnownFileType = sourcecode.swift; path = AskQuestionController.swift; sourceTree = "<group>"; };
		5A56171323D9B16B00A3DE26 /* HelpViewController.swift */ = {isa = PBXFileReference; lastKnownFileType = sourcecode.swift; path = HelpViewController.swift; sourceTree = "<group>"; };
		5A56171523D9B34800A3DE26 /* PostAnswerController.swift */ = {isa = PBXFileReference; lastKnownFileType = sourcecode.swift; path = PostAnswerController.swift; sourceTree = "<group>"; };
		5A6D091B2393A7920042E535 /* WelcomePage.swift */ = {isa = PBXFileReference; lastKnownFileType = sourcecode.swift; path = WelcomePage.swift; sourceTree = "<group>"; };
		5A80D86B23DC80A200809605 /* UserProfileController.swift */ = {isa = PBXFileReference; lastKnownFileType = sourcecode.swift; path = UserProfileController.swift; sourceTree = "<group>"; };
		5AA0B6C023DBCC6D0008855B /* ButtonThumbs.swift */ = {isa = PBXFileReference; lastKnownFileType = sourcecode.swift; path = ButtonThumbs.swift; sourceTree = "<group>"; };
		5AA0B6C323DBEBF60008855B /* QuestionDetailsController.swift */ = {isa = PBXFileReference; lastKnownFileType = sourcecode.swift; path = QuestionDetailsController.swift; sourceTree = "<group>"; };
		5AA0B6C523DBF5050008855B /* QDHeaderView.swift */ = {isa = PBXFileReference; lastKnownFileType = sourcecode.swift; path = QDHeaderView.swift; sourceTree = "<group>"; };
		5AA0B6C723DBF5A00008855B /* QuestionTVCell.swift */ = {isa = PBXFileReference; lastKnownFileType = sourcecode.swift; path = QuestionTVCell.swift; sourceTree = "<group>"; };
		5AA0B6C923DBFE050008855B /* HistoryQuestionsCell.swift */ = {isa = PBXFileReference; lastKnownFileType = sourcecode.swift; path = HistoryQuestionsCell.swift; sourceTree = "<group>"; };
		5AA5BEE523A4EDCB00D47EBD /* onboard.xib */ = {isa = PBXFileReference; fileEncoding = 4; lastKnownFileType = file.xib; path = onboard.xib; sourceTree = "<group>"; };
		5AA5BEE723A4EDD500D47EBD /* OnboardView.swift */ = {isa = PBXFileReference; fileEncoding = 4; lastKnownFileType = sourcecode.swift; path = OnboardView.swift; sourceTree = "<group>"; };
		5AA5BEE923A4F8A000D47EBD /* SignUpLoginController.swift */ = {isa = PBXFileReference; lastKnownFileType = sourcecode.swift; path = SignUpLoginController.swift; sourceTree = "<group>"; };
		5AA5BEEB23A502A800D47EBD /* Extensions.swift */ = {isa = PBXFileReference; lastKnownFileType = sourcecode.swift; path = Extensions.swift; sourceTree = "<group>"; };
		5AA5BEED23A5034400D47EBD /* Colors.swift */ = {isa = PBXFileReference; lastKnownFileType = sourcecode.swift; path = Colors.swift; sourceTree = "<group>"; };
		5AA5BEEF23A53DAD00D47EBD /* UserRegisterationController.swift */ = {isa = PBXFileReference; lastKnownFileType = sourcecode.swift; path = UserRegisterationController.swift; sourceTree = "<group>"; };
		5AAC56FB2393963600A2D0D2 /* Roy.app */ = {isa = PBXFileReference; explicitFileType = wrapper.application; includeInIndex = 0; path = Roy.app; sourceTree = BUILT_PRODUCTS_DIR; };
		5AAC56FE2393963600A2D0D2 /* AppDelegate.swift */ = {isa = PBXFileReference; lastKnownFileType = sourcecode.swift; path = AppDelegate.swift; sourceTree = "<group>"; };
		5AAC57002393963600A2D0D2 /* SceneDelegate.swift */ = {isa = PBXFileReference; lastKnownFileType = sourcecode.swift; path = SceneDelegate.swift; sourceTree = "<group>"; };
		5AAC57052393963600A2D0D2 /* Base */ = {isa = PBXFileReference; lastKnownFileType = file.storyboard; name = Base; path = Base.lproj/Main.storyboard; sourceTree = "<group>"; };
		5AAC57072393963700A2D0D2 /* Assets.xcassets */ = {isa = PBXFileReference; lastKnownFileType = folder.assetcatalog; path = Assets.xcassets; sourceTree = "<group>"; };
		5AAC570A2393963700A2D0D2 /* Base */ = {isa = PBXFileReference; lastKnownFileType = file.storyboard; name = Base; path = Base.lproj/LaunchScreen.storyboard; sourceTree = "<group>"; };
		5AAC570C2393963700A2D0D2 /* Info.plist */ = {isa = PBXFileReference; lastKnownFileType = text.plist.xml; path = Info.plist; sourceTree = "<group>"; };
		5AB7470923DAFD1800E0F7C5 /* HistoryQeustionsController.swift */ = {isa = PBXFileReference; lastKnownFileType = sourcecode.swift; path = HistoryQeustionsController.swift; sourceTree = "<group>"; };
		5AFB5CE023A605ED00161B03 /* UserLoginController.swift */ = {isa = PBXFileReference; lastKnownFileType = sourcecode.swift; path = UserLoginController.swift; sourceTree = "<group>"; };
		5AFB5CE223A609AE00161B03 /* ForgotPasswordController.swift */ = {isa = PBXFileReference; lastKnownFileType = sourcecode.swift; path = ForgotPasswordController.swift; sourceTree = "<group>"; };
		5AFB5CE423A6121400161B03 /* PrivacyController.swift */ = {isa = PBXFileReference; lastKnownFileType = sourcecode.swift; path = PrivacyController.swift; sourceTree = "<group>"; };
		5AFB5CE623A61A0500161B03 /* HomeViewController.swift */ = {isa = PBXFileReference; lastKnownFileType = sourcecode.swift; path = HomeViewController.swift; sourceTree = "<group>"; };
		5AFB5CE823A664B900161B03 /* BaseController.swift */ = {isa = PBXFileReference; lastKnownFileType = sourcecode.swift; path = BaseController.swift; sourceTree = "<group>"; };
/* End PBXFileReference section */

/* Begin PBXFrameworksBuildPhase section */
		5AAC56F82393963600A2D0D2 /* Frameworks */ = {
			isa = PBXFrameworksBuildPhase;
			buildActionMask = 2147483647;
			files = (
			);
			runOnlyForDeploymentPostprocessing = 0;
		};
/* End PBXFrameworksBuildPhase section */

/* Begin PBXGroup section */
		5AA0B6C223DBCC800008855B /* Views */ = {
			isa = PBXGroup;
			children = (
				5AA0B6C023DBCC6D0008855B /* ButtonThumbs.swift */,
				5AA0B6C523DBF5050008855B /* QDHeaderView.swift */,
				5AA0B6C723DBF5A00008855B /* QuestionTVCell.swift */,
				5A30A5AE23DC0C3E002B4FC8 /* AnswerCell.swift */,
				5AA0B6C923DBFE050008855B /* HistoryQuestionsCell.swift */,
			);
			path = Views;
			sourceTree = "<group>";
		};
		5AAC56F22393963600A2D0D2 = {
			isa = PBXGroup;
			children = (
				5AAC56FD2393963600A2D0D2 /* Roy */,
				5AAC56FC2393963600A2D0D2 /* Products */,
			);
			sourceTree = "<group>";
		};
		5AAC56FC2393963600A2D0D2 /* Products */ = {
			isa = PBXGroup;
			children = (
				5AAC56FB2393963600A2D0D2 /* Roy.app */,
			);
			name = Products;
			sourceTree = "<group>";
		};
		5AAC56FD2393963600A2D0D2 /* Roy */ = {
			isa = PBXGroup;
			children = (
				5AAC56FE2393963600A2D0D2 /* AppDelegate.swift */,
				5AAC57002393963600A2D0D2 /* SceneDelegate.swift */,
				5A6D091B2393A7920042E535 /* WelcomePage.swift */,
				5AA5BEE923A4F8A000D47EBD /* SignUpLoginController.swift */,
				5AA5BEEF23A53DAD00D47EBD /* UserRegisterationController.swift */,
				5AFB5CE023A605ED00161B03 /* UserLoginController.swift */,
				5AFB5CE223A609AE00161B03 /* ForgotPasswordController.swift */,
				5AFB5CE423A6121400161B03 /* PrivacyController.swift */,
				5AFB5CE623A61A0500161B03 /* HomeViewController.swift */,
				5AFB5CE823A664B900161B03 /* BaseController.swift */,
				5A1B956723BCD91B0080845D /* CategoryListController.swift */,
				5A56171123D97DA900A3DE26 /* AskQuestionController.swift */,
				5A56171523D9B34800A3DE26 /* PostAnswerController.swift */,
				5A56171323D9B16B00A3DE26 /* HelpViewController.swift */,
				5AB7470923DAFD1800E0F7C5 /* HistoryQeustionsController.swift */,
				5AA0B6C323DBEBF60008855B /* QuestionDetailsController.swift */,
				5A80D86B23DC80A200809605 /* UserProfileController.swift */,
				5AA0B6C223DBCC800008855B /* Views */,
				5AA5BEEB23A502A800D47EBD /* Extensions.swift */,
				5AA5BEED23A5034400D47EBD /* Colors.swift */,
				5AAC57042393963600A2D0D2 /* Main.storyboard */,
				5AD8A044239E94BD00CC7CE2 /* OnBoards */,
				5AAC57072393963700A2D0D2 /* Assets.xcassets */,
				5AAC57092393963700A2D0D2 /* LaunchScreen.storyboard */,
				5AAC570C2393963700A2D0D2 /* Info.plist */,
			);
			path = Roy;
			sourceTree = "<group>";
		};
		5AD8A044239E94BD00CC7CE2 /* OnBoards */ = {
			isa = PBXGroup;
			children = (
				5AA5BEE523A4EDCB00D47EBD /* onboard.xib */,
				5AA5BEE723A4EDD500D47EBD /* OnboardView.swift */,
			);
			path = OnBoards;
			sourceTree = "<group>";
		};
/* End PBXGroup section */

/* Begin PBXNativeTarget section */
		5AAC56FA2393963600A2D0D2 /* Roy */ = {
			isa = PBXNativeTarget;
			buildConfigurationList = 5AAC570F2393963700A2D0D2 /* Build configuration list for PBXNativeTarget "Roy" */;
			buildPhases = (
				5AAC56F72393963600A2D0D2 /* Sources */,
				5AAC56F82393963600A2D0D2 /* Frameworks */,
				5AAC56F92393963600A2D0D2 /* Resources */,
			);
			buildRules = (
			);
			dependencies = (
			);
			name = Roy;
			productName = Roy;
			productReference = 5AAC56FB2393963600A2D0D2 /* Roy.app */;
			productType = "com.apple.product-type.application";
		};
/* End PBXNativeTarget section */

/* Begin PBXProject section */
		5AAC56F32393963600A2D0D2 /* Project object */ = {
			isa = PBXProject;
			attributes = {
				LastSwiftUpdateCheck = 1120;
				LastUpgradeCheck = 1120;
				ORGANIZATIONNAME = "Jasur Rajabov";
				TargetAttributes = {
					5AAC56FA2393963600A2D0D2 = {
						CreatedOnToolsVersion = 11.2.1;
					};
				};
			};
			buildConfigurationList = 5AAC56F62393963600A2D0D2 /* Build configuration list for PBXProject "Roy" */;
			compatibilityVersion = "Xcode 9.3";
			developmentRegion = en;
			hasScannedForEncodings = 0;
			knownRegions = (
				en,
				Base,
			);
			mainGroup = 5AAC56F22393963600A2D0D2;
			productRefGroup = 5AAC56FC2393963600A2D0D2 /* Products */;
			projectDirPath = "";
			projectRoot = "";
			targets = (
				5AAC56FA2393963600A2D0D2 /* Roy */,
			);
		};
/* End PBXProject section */

/* Begin PBXResourcesBuildPhase section */
		5AAC56F92393963600A2D0D2 /* Resources */ = {
			isa = PBXResourcesBuildPhase;
			buildActionMask = 2147483647;
			files = (
				5AAC570B2393963700A2D0D2 /* LaunchScreen.storyboard in Resources */,
				5AA5BEE623A4EDCB00D47EBD /* onboard.xib in Resources */,
				5AAC57082393963700A2D0D2 /* Assets.xcassets in Resources */,
				5AAC57062393963600A2D0D2 /* Main.storyboard in Resources */,
			);
			runOnlyForDeploymentPostprocessing = 0;
		};
/* End PBXResourcesBuildPhase section */

/* Begin PBXSourcesBuildPhase section */
		5AAC56F72393963600A2D0D2 /* Sources */ = {
			isa = PBXSourcesBuildPhase;
			buildActionMask = 2147483647;
			files = (
				5AA5BEEA23A4F8A000D47EBD /* SignUpLoginController.swift in Sources */,
				5A56171223D97DA900A3DE26 /* AskQuestionController.swift in Sources */,
				5A1B956823BCD91B0080845D /* CategoryListController.swift in Sources */,
				5A30A5AF23DC0C3E002B4FC8 /* AnswerCell.swift in Sources */,
				5AFB5CE523A6121400161B03 /* PrivacyController.swift in Sources */,
				5AA5BEEC23A502A800D47EBD /* Extensions.swift in Sources */,
				5AFB5CE923A664B900161B03 /* BaseController.swift in Sources */,
				5A56171623D9B34800A3DE26 /* PostAnswerController.swift in Sources */,
				5A80D86C23DC80A200809605 /* UserProfileController.swift in Sources */,
				5AA0B6C623DBF5050008855B /* QDHeaderView.swift in Sources */,
				5AA5BEE823A4EDD500D47EBD /* OnboardView.swift in Sources */,
				5AA0B6C423DBEBF60008855B /* QuestionDetailsController.swift in Sources */,
				5AA5BEEE23A5034400D47EBD /* Colors.swift in Sources */,
				5AA0B6CA23DBFE050008855B /* HistoryQuestionsCell.swift in Sources */,
				5A6D091C2393A7920042E535 /* WelcomePage.swift in Sources */,
				5AA0B6C123DBCC6D0008855B /* ButtonThumbs.swift in Sources */,
				5AFB5CE323A609AE00161B03 /* ForgotPasswordController.swift in Sources */,
				5AA5BEF023A53DAD00D47EBD /* UserRegisterationController.swift in Sources */,
				5AB7470A23DAFD1800E0F7C5 /* HistoryQeustionsController.swift in Sources */,
				5A56171423D9B16B00A3DE26 /* HelpViewController.swift in Sources */,
				5AFB5CE123A605ED00161B03 /* UserLoginController.swift in Sources */,
				5AAC56FF2393963600A2D0D2 /* AppDelegate.swift in Sources */,
				5AA0B6C823DBF5A00008855B /* QuestionTVCell.swift in Sources */,
				5AAC57012393963600A2D0D2 /* SceneDelegate.swift in Sources */,
				5AFB5CE723A61A0500161B03 /* HomeViewController.swift in Sources */,
			);
			runOnlyForDeploymentPostprocessing = 0;
		};
/* End PBXSourcesBuildPhase section */

/* Begin PBXVariantGroup section */
		5AAC57042393963600A2D0D2 /* Main.storyboard */ = {
			isa = PBXVariantGroup;
			children = (
				5AAC57052393963600A2D0D2 /* Base */,
			);
			name = Main.storyboard;
			sourceTree = "<group>";
		};
		5AAC57092393963700A2D0D2 /* LaunchScreen.storyboard */ = {
			isa = PBXVariantGroup;
			children = (
				5AAC570A2393963700A2D0D2 /* Base */,
			);
			name = LaunchScreen.storyboard;
			sourceTree = "<group>";
		};
/* End PBXVariantGroup section */

/* Begin XCBuildConfiguration section */
		5AAC570D2393963700A2D0D2 /* Debug */ = {
			isa = XCBuildConfiguration;
			buildSettings = {
				ALWAYS_SEARCH_USER_PATHS = NO;
				CLANG_ANALYZER_NONNULL = YES;
				CLANG_ANALYZER_NUMBER_OBJECT_CONVERSION = YES_AGGRESSIVE;
				CLANG_CXX_LANGUAGE_STANDARD = "gnu++14";
				CLANG_CXX_LIBRARY = "libc++";
				CLANG_ENABLE_MODULES = YES;
				CLANG_ENABLE_OBJC_ARC = YES;
				CLANG_ENABLE_OBJC_WEAK = YES;
				CLANG_WARN_BLOCK_CAPTURE_AUTORELEASING = YES;
				CLANG_WARN_BOOL_CONVERSION = YES;
				CLANG_WARN_COMMA = YES;
				CLANG_WARN_CONSTANT_CONVERSION = YES;
				CLANG_WARN_DEPRECATED_OBJC_IMPLEMENTATIONS = YES;
				CLANG_WARN_DIRECT_OBJC_ISA_USAGE = YES_ERROR;
				CLANG_WARN_DOCUMENTATION_COMMENTS = YES;
				CLANG_WARN_EMPTY_BODY = YES;
				CLANG_WARN_ENUM_CONVERSION = YES;
				CLANG_WARN_INFINITE_RECURSION = YES;
				CLANG_WARN_INT_CONVERSION = YES;
				CLANG_WARN_NON_LITERAL_NULL_CONVERSION = YES;
				CLANG_WARN_OBJC_IMPLICIT_RETAIN_SELF = YES;
				CLANG_WARN_OBJC_LITERAL_CONVERSION = YES;
				CLANG_WARN_OBJC_ROOT_CLASS = YES_ERROR;
				CLANG_WARN_RANGE_LOOP_ANALYSIS = YES;
				CLANG_WARN_STRICT_PROTOTYPES = YES;
				CLANG_WARN_SUSPICIOUS_MOVE = YES;
				CLANG_WARN_UNGUARDED_AVAILABILITY = YES_AGGRESSIVE;
				CLANG_WARN_UNREACHABLE_CODE = YES;
				CLANG_WARN__DUPLICATE_METHOD_MATCH = YES;
				COPY_PHASE_STRIP = NO;
				DEBUG_INFORMATION_FORMAT = dwarf;
				ENABLE_STRICT_OBJC_MSGSEND = YES;
				ENABLE_TESTABILITY = YES;
				GCC_C_LANGUAGE_STANDARD = gnu11;
				GCC_DYNAMIC_NO_PIC = NO;
				GCC_NO_COMMON_BLOCKS = YES;
				GCC_OPTIMIZATION_LEVEL = 0;
				GCC_PREPROCESSOR_DEFINITIONS = (
					"DEBUG=1",
					"$(inherited)",
				);
				GCC_WARN_64_TO_32_BIT_CONVERSION = YES;
				GCC_WARN_ABOUT_RETURN_TYPE = YES_ERROR;
				GCC_WARN_UNDECLARED_SELECTOR = YES;
				GCC_WARN_UNINITIALIZED_AUTOS = YES_AGGRESSIVE;
				GCC_WARN_UNUSED_FUNCTION = YES;
				GCC_WARN_UNUSED_VARIABLE = YES;
				IPHONEOS_DEPLOYMENT_TARGET = 13.2;
				MTL_ENABLE_DEBUG_INFO = INCLUDE_SOURCE;
				MTL_FAST_MATH = YES;
				ONLY_ACTIVE_ARCH = YES;
				SDKROOT = iphoneos;
				SWIFT_ACTIVE_COMPILATION_CONDITIONS = DEBUG;
				SWIFT_OPTIMIZATION_LEVEL = "-Onone";
			};
			name = Debug;
		};
		5AAC570E2393963700A2D0D2 /* Release */ = {
			isa = XCBuildConfiguration;
			buildSettings = {
				ALWAYS_SEARCH_USER_PATHS = NO;
				CLANG_ANALYZER_NONNULL = YES;
				CLANG_ANALYZER_NUMBER_OBJECT_CONVERSION = YES_AGGRESSIVE;
				CLANG_CXX_LANGUAGE_STANDARD = "gnu++14";
				CLANG_CXX_LIBRARY = "libc++";
				CLANG_ENABLE_MODULES = YES;
				CLANG_ENABLE_OBJC_ARC = YES;
				CLANG_ENABLE_OBJC_WEAK = YES;
				CLANG_WARN_BLOCK_CAPTURE_AUTORELEASING = YES;
				CLANG_WARN_BOOL_CONVERSION = YES;
				CLANG_WARN_COMMA = YES;
				CLANG_WARN_CONSTANT_CONVERSION = YES;
				CLANG_WARN_DEPRECATED_OBJC_IMPLEMENTATIONS = YES;
				CLANG_WARN_DIRECT_OBJC_ISA_USAGE = YES_ERROR;
				CLANG_WARN_DOCUMENTATION_COMMENTS = YES;
				CLANG_WARN_EMPTY_BODY = YES;
				CLANG_WARN_ENUM_CONVERSION = YES;
				CLANG_WARN_INFINITE_RECURSION = YES;
				CLANG_WARN_INT_CONVERSION = YES;
				CLANG_WARN_NON_LITERAL_NULL_CONVERSION = YES;
				CLANG_WARN_OBJC_IMPLICIT_RETAIN_SELF = YES;
				CLANG_WARN_OBJC_LITERAL_CONVERSION = YES;
				CLANG_WARN_OBJC_ROOT_CLASS = YES_ERROR;
				CLANG_WARN_RANGE_LOOP_ANALYSIS = YES;
				CLANG_WARN_STRICT_PROTOTYPES = YES;
				CLANG_WARN_SUSPICIOUS_MOVE = YES;
				CLANG_WARN_UNGUARDED_AVAILABILITY = YES_AGGRESSIVE;
				CLANG_WARN_UNREACHABLE_CODE = YES;
				CLANG_WARN__DUPLICATE_METHOD_MATCH = YES;
				COPY_PHASE_STRIP = NO;
				DEBUG_INFORMATION_FORMAT = "dwarf-with-dsym";
				ENABLE_NS_ASSERTIONS = NO;
				ENABLE_STRICT_OBJC_MSGSEND = YES;
				GCC_C_LANGUAGE_STANDARD = gnu11;
				GCC_NO_COMMON_BLOCKS = YES;
				GCC_WARN_64_TO_32_BIT_CONVERSION = YES;
				GCC_WARN_ABOUT_RETURN_TYPE = YES_ERROR;
				GCC_WARN_UNDECLARED_SELECTOR = YES;
				GCC_WARN_UNINITIALIZED_AUTOS = YES_AGGRESSIVE;
				GCC_WARN_UNUSED_FUNCTION = YES;
				GCC_WARN_UNUSED_VARIABLE = YES;
				IPHONEOS_DEPLOYMENT_TARGET = 13.2;
				MTL_ENABLE_DEBUG_INFO = NO;
				MTL_FAST_MATH = YES;
				SDKROOT = iphoneos;
				SWIFT_COMPILATION_MODE = wholemodule;
				SWIFT_OPTIMIZATION_LEVEL = "-O";
				VALIDATE_PRODUCT = YES;
			};
			name = Release;
		};
		5AAC57102393963700A2D0D2 /* Debug */ = {
			isa = XCBuildConfiguration;
			buildSettings = {
				ASSETCATALOG_COMPILER_APPICON_NAME = AppIcon;
				CODE_SIGN_IDENTITY = "iPhone Developer";
				CODE_SIGN_STYLE = Manual;
				DEVELOPMENT_TEAM = 2NLLR5J5HC;
				INFOPLIST_FILE = Roy/Info.plist;
				LD_RUNPATH_SEARCH_PATHS = (
					"$(inherited)",
					"@executable_path/Frameworks",
				);
				PRODUCT_BUNDLE_IDENTIFIER = com.roy.roy;
				PRODUCT_NAME = "$(TARGET_NAME)";
				PROVISIONING_PROFILE_SPECIFIER = RoyApp;
				SWIFT_VERSION = 5.0;
				TARGETED_DEVICE_FAMILY = 1;
			};
			name = Debug;
		};
		5AAC57112393963700A2D0D2 /* Release */ = {
			isa = XCBuildConfiguration;
			buildSettings = {
				ASSETCATALOG_COMPILER_APPICON_NAME = AppIcon;
				CODE_SIGN_IDENTITY = "iPhone Developer";
				CODE_SIGN_STYLE = Manual;
				DEVELOPMENT_TEAM = 2NLLR5J5HC;
				INFOPLIST_FILE = Roy/Info.plist;
				LD_RUNPATH_SEARCH_PATHS = (
					"$(inherited)",
					"@executable_path/Frameworks",
				);
				PRODUCT_BUNDLE_IDENTIFIER = com.roy.roy;
				PRODUCT_NAME = "$(TARGET_NAME)";
				PROVISIONING_PROFILE_SPECIFIER = RoyApp;
				SWIFT_VERSION = 5.0;
				TARGETED_DEVICE_FAMILY = 1;
			};
			name = Release;
		};
/* End XCBuildConfiguration section */

/* Begin XCConfigurationList section */
		5AAC56F62393963600A2D0D2 /* Build configuration list for PBXProject "Roy" */ = {
			isa = XCConfigurationList;
			buildConfigurations = (
				5AAC570D2393963700A2D0D2 /* Debug */,
				5AAC570E2393963700A2D0D2 /* Release */,
			);
			defaultConfigurationIsVisible = 0;
			defaultConfigurationName = Release;
		};
		5AAC570F2393963700A2D0D2 /* Build configuration list for PBXNativeTarget "Roy" */ = {
			isa = XCConfigurationList;
			buildConfigurations = (
				5AAC57102393963700A2D0D2 /* Debug */,
				5AAC57112393963700A2D0D2 /* Release */,
			);
			defaultConfigurationIsVisible = 0;
			defaultConfigurationName = Release;
		};
/* End XCConfigurationList section */
	};
	rootObject = 5AAC56F32393963600A2D0D2 /* Project object */;
}
